
Microsoft Visual Studio Solution File, Format Version 12.00
# Visual Studio 15
VisualStudioVersion = 15.0.27428.2037
MinimumVisualStudioVersion = 10.0.40219.1
Project("{FAE04EC0-301F-11D3-BF4B-00C04F79EFBC}") = "testapp1", "testapp1\testapp1.csproj", "{618B98C7-CF07-4BAE-934A-7B9901831C48}"
EndProject
Global
	GlobalSection(SolutionConfigurationPlatforms) = preSolution
		Debug|Any CPU = Debug|Any CPU
		Release|Any CPU = Release|Any CPU
	EndGlobalSection
	GlobalSection(ProjectConfigurationPlatforms) = postSolution
		{618B98C7-CF07-4BAE-934A-7B9901831C48}.Debug|Any CPU.ActiveCfg = Debug|Any CPU
		{618B98C7-CF07-4BAE-934A-7B9901831C48}.Debug|Any CPU.Build.0 = Debug|Any CPU
		{618B98C7-CF07-4BAE-934A-7B9901831C48}.Release|Any CPU.ActiveCfg = Release|Any CPU
		{618B98C7-CF07-4BAE-934A-7B9901831C48}.Release|Any CPU.Build.0 = Release|Any CPU
	EndGlobalSection
	GlobalSection(SolutionProperties) = preSolution
		HideSolutionNode = FALSE
	EndGlobalSection
	GlobalSection(ExtensibilityGlobals) = postSolution
		SolutionGuid = {84F57120-56A1-44FC-9017-0113BE7C22B5}
	EndGlobalSection
EndGlobal
